id: set_variable
label: Set variable
category: '[Runtime modifying]'

parameters:
- id: target
  label: Variable
  dtype: string
  default: 'freq'

inputs:
- label: in
  domain: stream
  dtype: float

outputs:
- label: update
  domain: stream
  dtype: float

templates:
  imports: from set_variable import set_variable
  make: set_variable(${ 'self.set_' + context.get('target')() })

documentation: |-
    This block will take an input message pair or a value from a stream and allow you to set a gnuradio variable.

file_format: 1  